Microsoft Visual Studio Solution File, Format Version 8.00
Project("{059D6162-CD51-11D0-AE1F-00A0C90FFFC3}") = "ODbgScript", "ODbgScript.dsp", "{A5B53E9C-11DE-4C22-BB7F-1D9FC961D79E}"
	ProjectSection(ProjectDependencies) = postProject
	EndProjectSection
EndProject
Global
	GlobalSection(SolutionConfiguration) = preSolution
	EndGlobalSection
	GlobalSection(ProjectConfiguration) = postSolution
	EndGlobalSection
	GlobalSection(ExtensibilityGlobals) = postSolution
	EndGlobalSection
	GlobalSection(ExtensibilityAddIns) = postSolution
	EndGlobalSection
EndGlobal
