
Microsoft Visual Studio Solution File, Format Version 9.00
# Visual Studio 2005
Project("{8BC9CEB8-8B4A-11D0-8D11-00A0C91BC942}") = "ollydemangler", "ollydemangler\ollydemangler.vcproj", "{DA0EFFFD-EB3A-4AFF-B964-9D7FD740C1A7}"
EndProject
Global
	GlobalSection(SolutionConfigurationPlatforms) = preSolution
		Debug|Win32 = Debug|Win32
		Release|Win32 = Release|Win32
	EndGlobalSection
	GlobalSection(ProjectConfigurationPlatforms) = postSolution
		{DA0EFFFD-EB3A-4AFF-B964-9D7FD740C1A7}.Debug|Win32.ActiveCfg = Debug|Win32
		{DA0EFFFD-EB3A-4AFF-B964-9D7FD740C1A7}.Debug|Win32.Build.0 = Debug|Win32
		{DA0EFFFD-EB3A-4AFF-B964-9D7FD740C1A7}.Release|Win32.ActiveCfg = Release|Win32
		{DA0EFFFD-EB3A-4AFF-B964-9D7FD740C1A7}.Release|Win32.Build.0 = Release|Win32
	EndGlobalSection
	GlobalSection(SolutionProperties) = preSolution
		HideSolutionNode = FALSE
	EndGlobalSection
EndGlobal
